// !$*UTF8*$!
{
	archiveVersion = 1;
	classes = {
	};
	objectVersion = 56;
	objects = {

/* Begin PBXBuildFile section */
		0530228E29EC02710010C8EC /* AppDelegate.swift in Sources */ = {isa = PBXBuildFile; fileRef = 0530228D29EC02710010C8EC /* AppDelegate.swift */; };
		0530229029EC02710010C8EC /* ViewController.swift in Sources */ = {isa = PBXBuildFile; fileRef = 0530228F29EC02710010C8EC /* ViewController.swift */; };
		0530229229EC02710010C8EC /* Experience.rcproject in Sources */ = {isa = PBXBuildFile; fileRef = 0530229129EC02710010C8EC /* Experience.rcproject */; };
		0530229529EC02710010C8EC /* Main.storyboard in Resources */ = {isa = PBXBuildFile; fileRef = 0530229329EC02710010C8EC /* Main.storyboard */; };
		0530229729EC02710010C8EC /* Assets.xcassets in Resources */ = {isa = PBXBuildFile; fileRef = 0530229629EC02710010C8EC /* Assets.xcassets */; };
		0530229A29EC02710010C8EC /* LaunchScreen.storyboard in Resources */ = {isa = PBXBuildFile; fileRef = 0530229829EC02710010C8EC /* LaunchScreen.storyboard */; };
		058376D929EC191000AD33EA /* modelHouse.dae in Resources */ = {isa = PBXBuildFile; fileRef = 058376D829EC191000AD33EA /* modelHouse.dae */; settings = {ATTRIBUTES = ("--decompress", ); }; };
		058376DB29EC1B1400AD33EA /* modelArch.dae in Resources */ = {isa = PBXBuildFile; fileRef = 058376DA29EC1B1400AD33EA /* modelArch.dae */; settings = {ATTRIBUTES = ("--decompress", ); }; };
		058376DD29EC1B6300AD33EA /* modelPhone.dae in Resources */ = {isa = PBXBuildFile; fileRef = 058376DC29EC1B6200AD33EA /* modelPhone.dae */; };
		058376DF29EC27C900AD33EA /* modelArena.obj in Resources */ = {isa = PBXBuildFile; fileRef = 058376DE29EC27C900AD33EA /* modelArena.obj */; };
		058376E129EC321600AD33EA /* modelBlocks.usd in Resources */ = {isa = PBXBuildFile; fileRef = 058376E029EC321600AD33EA /* modelBlocks.usd */; };
		058376E329EC352C00AD33EA /* modelChair.usd in Resources */ = {isa = PBXBuildFile; fileRef = 058376E229EC352C00AD33EA /* modelChair.usd */; };
/* End PBXBuildFile section */

/* Begin PBXFileReference section */
		0530228A29EC02710010C8EC /* ar-learning.app */ = {isa = PBXFileReference; explicitFileType = wrapper.application; includeInIndex = 0; path = "ar-learning.app"; sourceTree = BUILT_PRODUCTS_DIR; };
		0530228D29EC02710010C8EC /* AppDelegate.swift */ = {isa = PBXFileReference; lastKnownFileType = sourcecode.swift; path = AppDelegate.swift; sourceTree = "<group>"; };
		0530228F29EC02710010C8EC /* ViewController.swift */ = {isa = PBXFileReference; lastKnownFileType = sourcecode.swift; path = ViewController.swift; sourceTree = "<group>"; };
		0530229129EC02710010C8EC /* Experience.rcproject */ = {isa = PBXFileReference; lastKnownFileType = file.rcproject; path = Experience.rcproject; sourceTree = "<group>"; };
		0530229429EC02710010C8EC /* Base */ = {isa = PBXFileReference; lastKnownFileType = file.storyboard; name = Base; path = Base.lproj/Main.storyboard; sourceTree = "<group>"; };
		0530229629EC02710010C8EC /* Assets.xcassets */ = {isa = PBXFileReference; lastKnownFileType = folder.assetcatalog; path = Assets.xcassets; sourceTree = "<group>"; };
		0530229929EC02710010C8EC /* Base */ = {isa = PBXFileReference; lastKnownFileType = file.storyboard; name = Base; path = Base.lproj/LaunchScreen.storyboard; sourceTree = "<group>"; };
		058376D829EC191000AD33EA /* modelHouse.dae */ = {isa = PBXFileReference; fileEncoding = 4; lastKnownFileType = text.xml.dae; path = modelHouse.dae; sourceTree = "<group>"; };
		058376DA29EC1B1400AD33EA /* modelArch.dae */ = {isa = PBXFileReference; fileEncoding = 4; lastKnownFileType = text.xml.dae; path = modelArch.dae; sourceTree = "<group>"; };
		058376DC29EC1B6200AD33EA /* modelPhone.dae */ = {isa = PBXFileReference; fileEncoding = 4; lastKnownFileType = text.xml.dae; path = modelPhone.dae; sourceTree = "<group>"; };
		058376DE29EC27C900AD33EA /* modelArena.obj */ = {isa = PBXFileReference; fileEncoding = 4; lastKnownFileType = text; path = modelArena.obj; sourceTree = "<group>"; };
		058376E029EC321600AD33EA /* modelBlocks.usd */ = {isa = PBXFileReference; lastKnownFileType = file; path = modelBlocks.usd; sourceTree = "<group>"; };
		058376E229EC352C00AD33EA /* modelChair.usd */ = {isa = PBXFileReference; lastKnownFileType = file; path = modelChair.usd; sourceTree = "<group>"; };
/* End PBXFileReference section */

/* Begin PBXFrameworksBuildPhase section */
		0530228729EC02710010C8EC /* Frameworks */ = {
			isa = PBXFrameworksBuildPhase;
			buildActionMask = 2147483647;
			files = (
			);
			runOnlyForDeploymentPostprocessing = 0;
		};
/* End PBXFrameworksBuildPhase section */

/* Begin PBXGroup section */
		0530228129EC02710010C8EC = {
			isa = PBXGroup;
			children = (
				0530228C29EC02710010C8EC /* ar-learning */,
				0530228B29EC02710010C8EC /* Products */,
			);
			sourceTree = "<group>";
			usesTabs = 1;
		};
		0530228B29EC02710010C8EC /* Products */ = {
			isa = PBXGroup;
			children = (
				0530228A29EC02710010C8EC /* ar-learning.app */,
			);
			name = Products;
			sourceTree = "<group>";
		};
		0530228C29EC02710010C8EC /* ar-learning */ = {
			isa = PBXGroup;
			children = (
				058376D829EC191000AD33EA /* modelHouse.dae */,
				0530228D29EC02710010C8EC /* AppDelegate.swift */,
				0530228F29EC02710010C8EC /* ViewController.swift */,
				0530229129EC02710010C8EC /* Experience.rcproject */,
				0530229329EC02710010C8EC /* Main.storyboard */,
				0530229629EC02710010C8EC /* Assets.xcassets */,
				0530229829EC02710010C8EC /* LaunchScreen.storyboard */,
				058376DA29EC1B1400AD33EA /* modelArch.dae */,
				058376DC29EC1B6200AD33EA /* modelPhone.dae */,
				058376DE29EC27C900AD33EA /* modelArena.obj */,
				058376E029EC321600AD33EA /* modelBlocks.usd */,
				058376E229EC352C00AD33EA /* modelChair.usd */,
			);
			path = "ar-learning";
			sourceTree = "<group>";
		};
/* End PBXGroup section */

/* Begin PBXNativeTarget section */
		0530228929EC02710010C8EC /* ar-learning */ = {
			isa = PBXNativeTarget;
			buildConfigurationList = 0530229D29EC02710010C8EC /* Build configuration list for PBXNativeTarget "ar-learning" */;
			buildPhases = (
				0530228629EC02710010C8EC /* Sources */,
				0530228729EC02710010C8EC /* Frameworks */,
				0530228829EC02710010C8EC /* Resources */,
			);
			buildRules = (
			);
			dependencies = (
			);
			name = "ar-learning";
			productName = "ar-learning";
			productReference = 0530228A29EC02710010C8EC /* ar-learning.app */;
			productType = "com.apple.product-type.application";
		};
/* End PBXNativeTarget section */

/* Begin PBXProject section */
		0530228229EC02710010C8EC /* Project object */ = {
			isa = PBXProject;
			attributes = {
				BuildIndependentTargetsInParallel = 1;
				LastSwiftUpdateCheck = 1430;
				LastUpgradeCheck = 1430;
				TargetAttributes = {
					0530228929EC02710010C8EC = {
						CreatedOnToolsVersion = 14.3;
					};
				};
			};
			buildConfigurationList = 0530228529EC02710010C8EC /* Build configuration list for PBXProject "ar-learning" */;
			compatibilityVersion = "Xcode 14.0";
			developmentRegion = en;
			hasScannedForEncodings = 0;
			knownRegions = (
				en,
				Base,
			);
			mainGroup = 0530228129EC02710010C8EC;
			productRefGroup = 0530228B29EC02710010C8EC /* Products */;
			projectDirPath = "";
			projectRoot = "";
			targets = (
				0530228929EC02710010C8EC /* ar-learning */,
			);
		};
/* End PBXProject section */

/* Begin PBXResourcesBuildPhase section */
		0530228829EC02710010C8EC /* Resources */ = {
			isa = PBXResourcesBuildPhase;
			buildActionMask = 2147483647;
			files = (
				058376E129EC321600AD33EA /* modelBlocks.usd in Resources */,
				058376E329EC352C00AD33EA /* modelChair.usd in Resources */,
				0530229A29EC02710010C8EC /* LaunchScreen.storyboard in Resources */,
				058376DD29EC1B6300AD33EA /* modelPhone.dae in Resources */,
				0530229729EC02710010C8EC /* Assets.xcassets in Resources */,
				058376DF29EC27C900AD33EA /* modelArena.obj in Resources */,
				058376DB29EC1B1400AD33EA /* modelArch.dae in Resources */,
				0530229529EC02710010C8EC /* Main.storyboard in Resources */,
				058376D929EC191000AD33EA /* modelHouse.dae in Resources */,
			);
			runOnlyForDeploymentPostprocessing = 0;
		};
/* End PBXResourcesBuildPhase section */

/* Begin PBXSourcesBuildPhase section */
		0530228629EC02710010C8EC /* Sources */ = {
			isa = PBXSourcesBuildPhase;
			buildActionMask = 2147483647;
			files = (
				0530229029EC02710010C8EC /* ViewController.swift in Sources */,
				0530228E29EC02710010C8EC /* AppDelegate.swift in Sources */,
				0530229229EC02710010C8EC /* Experience.rcproject in Sources */,
			);
			runOnlyForDeploymentPostprocessing = 0;
		};
/* End PBXSourcesBuildPhase section */

/* Begin PBXVariantGroup section */
		0530229329EC02710010C8EC /* Main.storyboard */ = {
			isa = PBXVariantGroup;
			children = (
				0530229429EC02710010C8EC /* Base */,
			);
			name = Main.storyboard;
			sourceTree = "<group>";
		};
		0530229829EC02710010C8EC /* LaunchScreen.storyboard */ = {
			isa = PBXVariantGroup;
			children = (
				0530229929EC02710010C8EC /* Base */,
			);
			name = LaunchScreen.storyboard;
			sourceTree = "<group>";
		};
/* End PBXVariantGroup section */

/* Begin XCBuildConfiguration section */
		0530229B29EC02710010C8EC /* Debug */ = {
			isa = XCBuildConfiguration;
			buildSettings = {
				ALWAYS_SEARCH_USER_PATHS = NO;
				CLANG_ANALYZER_NONNULL = YES;
				CLANG_ANALYZER_NUMBER_OBJECT_CONVERSION = YES_AGGRESSIVE;
				CLANG_CXX_LANGUAGE_STANDARD = "gnu++20";
				CLANG_ENABLE_MODULES = YES;
				CLANG_ENABLE_OBJC_ARC = YES;
				CLANG_ENABLE_OBJC_WEAK = YES;
				CLANG_WARN_BLOCK_CAPTURE_AUTORELEASING = YES;
				CLANG_WARN_BOOL_CONVERSION = YES;
				CLANG_WARN_COMMA = YES;
				CLANG_WARN_CONSTANT_CONVERSION = YES;
				CLANG_WARN_DEPRECATED_OBJC_IMPLEMENTATIONS = YES;
				CLANG_WARN_DIRECT_OBJC_ISA_USAGE = YES_ERROR;
				CLANG_WARN_DOCUMENTATION_COMMENTS = YES;
				CLANG_WARN_EMPTY_BODY = YES;
				CLANG_WARN_ENUM_CONVERSION = YES;
				CLANG_WARN_INFINITE_RECURSION = YES;
				CLANG_WARN_INT_CONVERSION = YES;
				CLANG_WARN_NON_LITERAL_NULL_CONVERSION = YES;
				CLANG_WARN_OBJC_IMPLICIT_RETAIN_SELF = YES;
				CLANG_WARN_OBJC_LITERAL_CONVERSION = YES;
				CLANG_WARN_OBJC_ROOT_CLASS = YES_ERROR;
				CLANG_WARN_QUOTED_INCLUDE_IN_FRAMEWORK_HEADER = YES;
				CLANG_WARN_RANGE_LOOP_ANALYSIS = YES;
				CLANG_WARN_STRICT_PROTOTYPES = YES;
				CLANG_WARN_SUSPICIOUS_MOVE = YES;
				CLANG_WARN_UNGUARDED_AVAILABILITY = YES_AGGRESSIVE;
				CLANG_WARN_UNREACHABLE_CODE = YES;
				CLANG_WARN__DUPLICATE_METHOD_MATCH = YES;
				COPY_PHASE_STRIP = NO;
				DEBUG_INFORMATION_FORMAT = dwarf;
				ENABLE_STRICT_OBJC_MSGSEND = YES;
				ENABLE_TESTABILITY = YES;
				GCC_C_LANGUAGE_STANDARD = gnu11;
				GCC_DYNAMIC_NO_PIC = NO;
				GCC_NO_COMMON_BLOCKS = YES;
				GCC_OPTIMIZATION_LEVEL = 0;
				GCC_PREPROCESSOR_DEFINITIONS = (
					"DEBUG=1",
					"$(inherited)",
				);
				GCC_WARN_64_TO_32_BIT_CONVERSION = YES;
				GCC_WARN_ABOUT_RETURN_TYPE = YES_ERROR;
				GCC_WARN_UNDECLARED_SELECTOR = YES;
				GCC_WARN_UNINITIALIZED_AUTOS = YES_AGGRESSIVE;
				GCC_WARN_UNUSED_FUNCTION = YES;
				GCC_WARN_UNUSED_VARIABLE = YES;
				IPHONEOS_DEPLOYMENT_TARGET = 16.4;
				MTL_ENABLE_DEBUG_INFO = INCLUDE_SOURCE;
				MTL_FAST_MATH = YES;
				ONLY_ACTIVE_ARCH = YES;
				SDKROOT = iphoneos;
				SWIFT_ACTIVE_COMPILATION_CONDITIONS = DEBUG;
				SWIFT_OPTIMIZATION_LEVEL = "-Onone";
			};
			name = Debug;
		};
		0530229C29EC02710010C8EC /* Release */ = {
			isa = XCBuildConfiguration;
			buildSettings = {
				ALWAYS_SEARCH_USER_PATHS = NO;
				CLANG_ANALYZER_NONNULL = YES;
				CLANG_ANALYZER_NUMBER_OBJECT_CONVERSION = YES_AGGRESSIVE;
				CLANG_CXX_LANGUAGE_STANDARD = "gnu++20";
				CLANG_ENABLE_MODULES = YES;
				CLANG_ENABLE_OBJC_ARC = YES;
				CLANG_ENABLE_OBJC_WEAK = YES;
				CLANG_WARN_BLOCK_CAPTURE_AUTORELEASING = YES;
				CLANG_WARN_BOOL_CONVERSION = YES;
				CLANG_WARN_COMMA = YES;
				CLANG_WARN_CONSTANT_CONVERSION = YES;
				CLANG_WARN_DEPRECATED_OBJC_IMPLEMENTATIONS = YES;
				CLANG_WARN_DIRECT_OBJC_ISA_USAGE = YES_ERROR;
				CLANG_WARN_DOCUMENTATION_COMMENTS = YES;
				CLANG_WARN_EMPTY_BODY = YES;
				CLANG_WARN_ENUM_CONVERSION = YES;
				CLANG_WARN_INFINITE_RECURSION = YES;
				CLANG_WARN_INT_CONVERSION = YES;
				CLANG_WARN_NON_LITERAL_NULL_CONVERSION = YES;
				CLANG_WARN_OBJC_IMPLICIT_RETAIN_SELF = YES;
				CLANG_WARN_OBJC_LITERAL_CONVERSION = YES;
				CLANG_WARN_OBJC_ROOT_CLASS = YES_ERROR;
				CLANG_WARN_QUOTED_INCLUDE_IN_FRAMEWORK_HEADER = YES;
				CLANG_WARN_RANGE_LOOP_ANALYSIS = YES;
				CLANG_WARN_STRICT_PROTOTYPES = YES;
				CLANG_WARN_SUSPICIOUS_MOVE = YES;
				CLANG_WARN_UNGUARDED_AVAILABILITY = YES_AGGRESSIVE;
				CLANG_WARN_UNREACHABLE_CODE = YES;
				CLANG_WARN__DUPLICATE_METHOD_MATCH = YES;
				COPY_PHASE_STRIP = NO;
				DEBUG_INFORMATION_FORMAT = "dwarf-with-dsym";
				ENABLE_NS_ASSERTIONS = NO;
				ENABLE_STRICT_OBJC_MSGSEND = YES;
				GCC_C_LANGUAGE_STANDARD = gnu11;
				GCC_NO_COMMON_BLOCKS = YES;
				GCC_WARN_64_TO_32_BIT_CONVERSION = YES;
				GCC_WARN_ABOUT_RETURN_TYPE = YES_ERROR;
				GCC_WARN_UNDECLARED_SELECTOR = YES;
				GCC_WARN_UNINITIALIZED_AUTOS = YES_AGGRESSIVE;
				GCC_WARN_UNUSED_FUNCTION = YES;
				GCC_WARN_UNUSED_VARIABLE = YES;
				IPHONEOS_DEPLOYMENT_TARGET = 16.4;
				MTL_ENABLE_DEBUG_INFO = NO;
				MTL_FAST_MATH = YES;
				SDKROOT = iphoneos;
				SWIFT_COMPILATION_MODE = wholemodule;
				SWIFT_OPTIMIZATION_LEVEL = "-O";
				VALIDATE_PRODUCT = YES;
			};
			name = Release;
		};
		0530229E29EC02710010C8EC /* Debug */ = {
			isa = XCBuildConfiguration;
			buildSettings = {
				ASSETCATALOG_COMPILER_APPICON_NAME = AppIcon;
				ASSETCATALOG_COMPILER_GLOBAL_ACCENT_COLOR_NAME = AccentColor;
				CODE_SIGN_STYLE = Automatic;
				CURRENT_PROJECT_VERSION = 1;
				DEVELOPMENT_TEAM = 89578L7FAR;
				GENERATE_INFOPLIST_FILE = YES;
				INFOPLIST_KEY_NSCameraUsageDescription = "";
				INFOPLIST_KEY_UIApplicationSupportsIndirectInputEvents = YES;
				INFOPLIST_KEY_UILaunchStoryboardName = LaunchScreen;
				INFOPLIST_KEY_UIMainStoryboardFile = Main;
				INFOPLIST_KEY_UIRequiredDeviceCapabilities = arkit;
				INFOPLIST_KEY_UIStatusBarHidden = YES;
				INFOPLIST_KEY_UISupportedInterfaceOrientations_iPad = "UIInterfaceOrientationPortrait UIInterfaceOrientationPortraitUpsideDown UIInterfaceOrientationLandscapeLeft UIInterfaceOrientationLandscapeRight";
				INFOPLIST_KEY_UISupportedInterfaceOrientations_iPhone = "UIInterfaceOrientationPortrait UIInterfaceOrientationLandscapeLeft UIInterfaceOrientationLandscapeRight";
				IPHONEOS_DEPLOYMENT_TARGET = 16.3;
				LD_RUNPATH_SEARCH_PATHS = (
					"$(inherited)",
					"@executable_path/Frameworks",
				);
				MARKETING_VERSION = 1.0;
				PRODUCT_BUNDLE_IDENTIFIER = "com.mateicananau.ar-learning";
				PRODUCT_NAME = "$(TARGET_NAME)";
				SWIFT_EMIT_LOC_STRINGS = YES;
				SWIFT_VERSION = 5.0;
				TARGETED_DEVICE_FAMILY = "1,2";
			};
			name = Debug;
		};
		0530229F29EC02710010C8EC /* Release */ = {
			isa = XCBuildConfiguration;
			buildSettings = {
				ASSETCATALOG_COMPILER_APPICON_NAME = AppIcon;
				ASSETCATALOG_COMPILER_GLOBAL_ACCENT_COLOR_NAME = AccentColor;
				CODE_SIGN_STYLE = Automatic;
				CURRENT_PROJECT_VERSION = 1;
				DEVELOPMENT_TEAM = 89578L7FAR;
				GENERATE_INFOPLIST_FILE = YES;
				INFOPLIST_KEY_NSCameraUsageDescription = "";
				INFOPLIST_KEY_UIApplicationSupportsIndirectInputEvents = YES;
				INFOPLIST_KEY_UILaunchStoryboardName = LaunchScreen;
				INFOPLIST_KEY_UIMainStoryboardFile = Main;
				INFOPLIST_KEY_UIRequiredDeviceCapabilities = arkit;
				INFOPLIST_KEY_UIStatusBarHidden = YES;
				INFOPLIST_KEY_UISupportedInterfaceOrientations_iPad = "UIInterfaceOrientationPortrait UIInterfaceOrientationPortraitUpsideDown UIInterfaceOrientationLandscapeLeft UIInterfaceOrientationLandscapeRight";
				INFOPLIST_KEY_UISupportedInterfaceOrientations_iPhone = "UIInterfaceOrientationPortrait UIInterfaceOrientationLandscapeLeft UIInterfaceOrientationLandscapeRight";
				IPHONEOS_DEPLOYMENT_TARGET = 16.3;
				LD_RUNPATH_SEARCH_PATHS = (
					"$(inherited)",
					"@executable_path/Frameworks",
				);
				MARKETING_VERSION = 1.0;
				PRODUCT_BUNDLE_IDENTIFIER = "com.mateicananau.ar-learning";
				PRODUCT_NAME = "$(TARGET_NAME)";
				SWIFT_EMIT_LOC_STRINGS = YES;
				SWIFT_VERSION = 5.0;
				TARGETED_DEVICE_FAMILY = "1,2";
			};
			name = Release;
		};
/* End XCBuildConfiguration section */

/* Begin XCConfigurationList section */
		0530228529EC02710010C8EC /* Build configuration list for PBXProject "ar-learning" */ = {
			isa = XCConfigurationList;
			buildConfigurations = (
				0530229B29EC02710010C8EC /* Debug */,
				0530229C29EC02710010C8EC /* Release */,
			);
			defaultConfigurationIsVisible = 0;
			defaultConfigurationName = Release;
		};
		0530229D29EC02710010C8EC /* Build configuration list for PBXNativeTarget "ar-learning" */ = {
			isa = XCConfigurationList;
			buildConfigurations = (
				0530229E29EC02710010C8EC /* Debug */,
				0530229F29EC02710010C8EC /* Release */,
			);
			defaultConfigurationIsVisible = 0;
			defaultConfigurationName = Release;
		};
/* End XCConfigurationList section */
	};
	rootObject = 0530228229EC02710010C8EC /* Project object */;
}
